
Microsoft Visual Studio Solution File, Format Version 12.00
# Visual Studio Version 17
VisualStudioVersion = 17.5.33502.453
MinimumVisualStudioVersion = 10.0.40219.1
Project("{FAE04EC0-301F-11D3-BF4B-00C04F79EFBC}") = "WebApplication1", "WebApplication1\WebApplication1.csproj", "{D1CF5D4F-5B97-47E6-9A73-BAF54AFA8C81}"
EndProject
Global
	GlobalSection(SolutionConfigurationPlatforms) = preSolution
		Debug|Any CPU = Debug|Any CPU
		Release|Any CPU = Release|Any CPU
	EndGlobalSection
	GlobalSection(ProjectConfigurationPlatforms) = postSolution
		{D1CF5D4F-5B97-47E6-9A73-BAF54AFA8C81}.Debug|Any CPU.ActiveCfg = Debug|Any CPU
		{D1CF5D4F-5B97-47E6-9A73-BAF54AFA8C81}.Debug|Any CPU.Build.0 = Debug|Any CPU
		{D1CF5D4F-5B97-47E6-9A73-BAF54AFA8C81}.Release|Any CPU.ActiveCfg = Release|Any CPU
		{D1CF5D4F-5B97-47E6-9A73-BAF54AFA8C81}.Release|Any CPU.Build.0 = Release|Any CPU
	EndGlobalSection
	GlobalSection(SolutionProperties) = preSolution
		HideSolutionNode = FALSE
	EndGlobalSection
	GlobalSection(ExtensibilityGlobals) = postSolution
		SolutionGuid = {74030A44-9866-46BE-9FA5-374D6CC74B7E}
	EndGlobalSection
EndGlobal
